
Microsoft Visual Studio Solution File, Format Version 12.00
# Visual Studio 15
VisualStudioVersion = 15.0.28306.52
MinimumVisualStudioVersion = 10.0.40219.1
Project("{FAE04EC0-301F-11D3-BF4B-00C04F79EFBC}") = "HelloWorld.Android", "HelloWorld\HelloWorld.Android\HelloWorld.Android.csproj", "{38D88EEF-FC52-4679-ABB8-AFE8077F7B7D}"
EndProject
Project("{FAE04EC0-301F-11D3-BF4B-00C04F79EFBC}") = "HelloWorld.iOS", "HelloWorld\HelloWorld.iOS\HelloWorld.iOS.csproj", "{DCE7E886-610C-4D06-9706-4E119B556E9F}"
EndProject
Project("{FAE04EC0-301F-11D3-BF4B-00C04F79EFBC}") = "HelloWorld", "HelloWorld\HelloWorld\HelloWorld.csproj", "{7605CD31-9C51-4A26-BE30-AC54D6EDCE40}"
EndProject
Global
	GlobalSection(SolutionConfigurationPlatforms) = preSolution
		Ad-Hoc|Any CPU = Ad-Hoc|Any CPU
		Ad-Hoc|iPhone = Ad-Hoc|iPhone
		Ad-Hoc|iPhoneSimulator = Ad-Hoc|iPhoneSimulator
		AppStore|Any CPU = AppStore|Any CPU
		AppStore|iPhone = AppStore|iPhone
		AppStore|iPhoneSimulator = AppStore|iPhoneSimulator
		Debug|Any CPU = Debug|Any CPU
		Debug|iPhone = Debug|iPhone
		Debug|iPhoneSimulator = Debug|iPhoneSimulator
		Release|Any CPU = Release|Any CPU
		Release|iPhone = Release|iPhone
		Release|iPhoneSimulator = Release|iPhoneSimulator
	EndGlobalSection
	GlobalSection(ProjectConfigurationPlatforms) = postSolution
		{38D88EEF-FC52-4679-ABB8-AFE8077F7B7D}.Ad-Hoc|Any CPU.ActiveCfg = Release|Any CPU
		{38D88EEF-FC52-4679-ABB8-AFE8077F7B7D}.Ad-Hoc|Any CPU.Build.0 = Release|Any CPU
		{38D88EEF-FC52-4679-ABB8-AFE8077F7B7D}.Ad-Hoc|Any CPU.Deploy.0 = Release|Any CPU
		{38D88EEF-FC52-4679-ABB8-AFE8077F7B7D}.Ad-Hoc|iPhone.ActiveCfg = Release|Any CPU
		{38D88EEF-FC52-4679-ABB8-AFE8077F7B7D}.Ad-Hoc|iPhone.Build.0 = Release|Any CPU
		{38D88EEF-FC52-4679-ABB8-AFE8077F7B7D}.Ad-Hoc|iPhone.Deploy.0 = Release|Any CPU
		{38D88EEF-FC52-4679-ABB8-AFE8077F7B7D}.Ad-Hoc|iPhoneSimulator.ActiveCfg = Release|Any CPU
		{38D88EEF-FC52-4679-ABB8-AFE8077F7B7D}.Ad-Hoc|iPhoneSimulator.Build.0 = Release|Any CPU
		{38D88EEF-FC52-4679-ABB8-AFE8077F7B7D}.Ad-Hoc|iPhoneSimulator.Deploy.0 = Release|Any CPU
		{38D88EEF-FC52-4679-ABB8-AFE8077F7B7D}.AppStore|Any CPU.ActiveCfg = Release|Any CPU
		{38D88EEF-FC52-4679-ABB8-AFE8077F7B7D}.AppStore|Any CPU.Build.0 = Release|Any CPU
		{38D88EEF-FC52-4679-ABB8-AFE8077F7B7D}.AppStore|Any CPU.Deploy.0 = Release|Any CPU
		{38D88EEF-FC52-4679-ABB8-AFE8077F7B7D}.AppStore|iPhone.ActiveCfg = Release|Any CPU
		{38D88EEF-FC52-4679-ABB8-AFE8077F7B7D}.AppStore|iPhone.Build.0 = Release|Any CPU
		{38D88EEF-FC52-4679-ABB8-AFE8077F7B7D}.AppStore|iPhone.Deploy.0 = Release|Any CPU
		{38D88EEF-FC52-4679-ABB8-AFE8077F7B7D}.AppStore|iPhoneSimulator.ActiveCfg = Release|Any CPU
		{38D88EEF-FC52-4679-ABB8-AFE8077F7B7D}.AppStore|iPhoneSimulator.Build.0 = Release|Any CPU
		{38D88EEF-FC52-4679-ABB8-AFE8077F7B7D}.AppStore|iPhoneSimulator.Deploy.0 = Release|Any CPU
		{38D88EEF-FC52-4679-ABB8-AFE8077F7B7D}.Debug|Any CPU.ActiveCfg = Debug|Any CPU
		{38D88EEF-FC52-4679-ABB8-AFE8077F7B7D}.Debug|Any CPU.Build.0 = Debug|Any CPU
		{38D88EEF-FC52-4679-ABB8-AFE8077F7B7D}.Debug|Any CPU.Deploy.0 = Debug|Any CPU
		{38D88EEF-FC52-4679-ABB8-AFE8077F7B7D}.Debug|iPhone.ActiveCfg = Debug|Any CPU
		{38D88EEF-FC52-4679-ABB8-AFE8077F7B7D}.Debug|iPhone.Build.0 = Debug|Any CPU
		{38D88EEF-FC52-4679-ABB8-AFE8077F7B7D}.Debug|iPhone.Deploy.0 = Debug|Any CPU
		{38D88EEF-FC52-4679-ABB8-AFE8077F7B7D}.Debug|iPhoneSimulator.ActiveCfg = Debug|Any CPU
		{38D88EEF-FC52-4679-ABB8-AFE8077F7B7D}.Debug|iPhoneSimulator.Build.0 = Debug|Any CPU
		{38D88EEF-FC52-4679-ABB8-AFE8077F7B7D}.Debug|iPhoneSimulator.Deploy.0 = Debug|Any CPU
		{38D88EEF-FC52-4679-ABB8-AFE8077F7B7D}.Release|Any CPU.ActiveCfg = Release|Any CPU
		{38D88EEF-FC52-4679-ABB8-AFE8077F7B7D}.Release|Any CPU.Build.0 = Release|Any CPU
		{38D88EEF-FC52-4679-ABB8-AFE8077F7B7D}.Release|Any CPU.Deploy.0 = Release|Any CPU
		{38D88EEF-FC52-4679-ABB8-AFE8077F7B7D}.Release|iPhone.ActiveCfg = Release|Any CPU
		{38D88EEF-FC52-4679-ABB8-AFE8077F7B7D}.Release|iPhone.Build.0 = Release|Any CPU
		{38D88EEF-FC52-4679-ABB8-AFE8077F7B7D}.Release|iPhone.Deploy.0 = Release|Any CPU
		{38D88EEF-FC52-4679-ABB8-AFE8077F7B7D}.Release|iPhoneSimulator.ActiveCfg = Release|Any CPU
		{38D88EEF-FC52-4679-ABB8-AFE8077F7B7D}.Release|iPhoneSimulator.Build.0 = Release|Any CPU
		{38D88EEF-FC52-4679-ABB8-AFE8077F7B7D}.Release|iPhoneSimulator.Deploy.0 = Release|Any CPU
		{DCE7E886-610C-4D06-9706-4E119B556E9F}.Ad-Hoc|Any CPU.ActiveCfg = Ad-Hoc|iPhone
		{DCE7E886-610C-4D06-9706-4E119B556E9F}.Ad-Hoc|Any CPU.Build.0 = Ad-Hoc|iPhone
		{DCE7E886-610C-4D06-9706-4E119B556E9F}.Ad-Hoc|Any CPU.Deploy.0 = Ad-Hoc|iPhone
		{DCE7E886-610C-4D06-9706-4E119B556E9F}.Ad-Hoc|iPhone.ActiveCfg = Ad-Hoc|iPhone
		{DCE7E886-610C-4D06-9706-4E119B556E9F}.Ad-Hoc|iPhone.Build.0 = Ad-Hoc|iPhone
		{DCE7E886-610C-4D06-9706-4E119B556E9F}.Ad-Hoc|iPhone.Deploy.0 = Ad-Hoc|iPhone
		{DCE7E886-610C-4D06-9706-4E119B556E9F}.Ad-Hoc|iPhoneSimulator.ActiveCfg = Ad-Hoc|iPhoneSimulator
		{DCE7E886-610C-4D06-9706-4E119B556E9F}.Ad-Hoc|iPhoneSimulator.Build.0 = Ad-Hoc|iPhoneSimulator
		{DCE7E886-610C-4D06-9706-4E119B556E9F}.Ad-Hoc|iPhoneSimulator.Deploy.0 = Ad-Hoc|iPhoneSimulator
		{DCE7E886-610C-4D06-9706-4E119B556E9F}.AppStore|Any CPU.ActiveCfg = AppStore|iPhone
		{DCE7E886-610C-4D06-9706-4E119B556E9F}.AppStore|Any CPU.Build.0 = AppStore|iPhone
		{DCE7E886-610C-4D06-9706-4E119B556E9F}.AppStore|Any CPU.Deploy.0 = AppStore|iPhone
		{DCE7E886-610C-4D06-9706-4E119B556E9F}.AppStore|iPhone.ActiveCfg = AppStore|iPhone
		{DCE7E886-610C-4D06-9706-4E119B556E9F}.AppStore|iPhone.Build.0 = AppStore|iPhone
		{DCE7E886-610C-4D06-9706-4E119B556E9F}.AppStore|iPhone.Deploy.0 = AppStore|iPhone
		{DCE7E886-610C-4D06-9706-4E119B556E9F}.AppStore|iPhoneSimulator.ActiveCfg = AppStore|iPhoneSimulator
		{DCE7E886-610C-4D06-9706-4E119B556E9F}.AppStore|iPhoneSimulator.Build.0 = AppStore|iPhoneSimulator
		{DCE7E886-610C-4D06-9706-4E119B556E9F}.AppStore|iPhoneSimulator.Deploy.0 = AppStore|iPhoneSimulator
		{DCE7E886-610C-4D06-9706-4E119B556E9F}.Debug|Any CPU.ActiveCfg = Debug|iPhoneSimulator
		{DCE7E886-610C-4D06-9706-4E119B556E9F}.Debug|Any CPU.Build.0 = Debug|iPhoneSimulator
		{DCE7E886-610C-4D06-9706-4E119B556E9F}.Debug|Any CPU.Deploy.0 = Debug|iPhoneSimulator
		{DCE7E886-610C-4D06-9706-4E119B556E9F}.Debug|iPhone.ActiveCfg = Debug|iPhone
		{DCE7E886-610C-4D06-9706-4E119B556E9F}.Debug|iPhone.Build.0 = Debug|iPhone
		{DCE7E886-610C-4D06-9706-4E119B556E9F}.Debug|iPhone.Deploy.0 = Debug|iPhone
		{DCE7E886-610C-4D06-9706-4E119B556E9F}.Debug|iPhoneSimulator.ActiveCfg = Debug|iPhoneSimulator
		{DCE7E886-610C-4D06-9706-4E119B556E9F}.Debug|iPhoneSimulator.Build.0 = Debug|iPhoneSimulator
		{DCE7E886-610C-4D06-9706-4E119B556E9F}.Debug|iPhoneSimulator.Deploy.0 = Debug|iPhoneSimulator
		{DCE7E886-610C-4D06-9706-4E119B556E9F}.Release|Any CPU.ActiveCfg = Release|iPhone
		{DCE7E886-610C-4D06-9706-4E119B556E9F}.Release|Any CPU.Build.0 = Release|iPhone
		{DCE7E886-610C-4D06-9706-4E119B556E9F}.Release|Any CPU.Deploy.0 = Release|iPhone
		{DCE7E886-610C-4D06-9706-4E119B556E9F}.Release|iPhone.ActiveCfg = Release|iPhone
		{DCE7E886-610C-4D06-9706-4E119B556E9F}.Release|iPhone.Build.0 = Release|iPhone
		{DCE7E886-610C-4D06-9706-4E119B556E9F}.Release|iPhone.Deploy.0 = Release|iPhone
		{DCE7E886-610C-4D06-9706-4E119B556E9F}.Release|iPhoneSimulator.ActiveCfg = Release|iPhoneSimulator
		{DCE7E886-610C-4D06-9706-4E119B556E9F}.Release|iPhoneSimulator.Build.0 = Release|iPhoneSimulator
		{DCE7E886-610C-4D06-9706-4E119B556E9F}.Release|iPhoneSimulator.Deploy.0 = Release|iPhoneSimulator
		{7605CD31-9C51-4A26-BE30-AC54D6EDCE40}.Ad-Hoc|Any CPU.ActiveCfg = Debug|Any CPU
		{7605CD31-9C51-4A26-BE30-AC54D6EDCE40}.Ad-Hoc|Any CPU.Build.0 = Debug|Any CPU
		{7605CD31-9C51-4A26-BE30-AC54D6EDCE40}.Ad-Hoc|Any CPU.Deploy.0 = Debug|Any CPU
		{7605CD31-9C51-4A26-BE30-AC54D6EDCE40}.Ad-Hoc|iPhone.ActiveCfg = Debug|Any CPU
		{7605CD31-9C51-4A26-BE30-AC54D6EDCE40}.Ad-Hoc|iPhone.Build.0 = Debug|Any CPU
		{7605CD31-9C51-4A26-BE30-AC54D6EDCE40}.Ad-Hoc|iPhone.Deploy.0 = Debug|Any CPU
		{7605CD31-9C51-4A26-BE30-AC54D6EDCE40}.Ad-Hoc|iPhoneSimulator.ActiveCfg = Debug|Any CPU
		{7605CD31-9C51-4A26-BE30-AC54D6EDCE40}.Ad-Hoc|iPhoneSimulator.Build.0 = Debug|Any CPU
		{7605CD31-9C51-4A26-BE30-AC54D6EDCE40}.Ad-Hoc|iPhoneSimulator.Deploy.0 = Debug|Any CPU
		{7605CD31-9C51-4A26-BE30-AC54D6EDCE40}.AppStore|Any CPU.ActiveCfg = Debug|Any CPU
		{7605CD31-9C51-4A26-BE30-AC54D6EDCE40}.AppStore|Any CPU.Build.0 = Debug|Any CPU
		{7605CD31-9C51-4A26-BE30-AC54D6EDCE40}.AppStore|Any CPU.Deploy.0 = Debug|Any CPU
		{7605CD31-9C51-4A26-BE30-AC54D6EDCE40}.AppStore|iPhone.ActiveCfg = Debug|Any CPU
		{7605CD31-9C51-4A26-BE30-AC54D6EDCE40}.AppStore|iPhone.Build.0 = Debug|Any CPU
		{7605CD31-9C51-4A26-BE30-AC54D6EDCE40}.AppStore|iPhone.Deploy.0 = Debug|Any CPU
		{7605CD31-9C51-4A26-BE30-AC54D6EDCE40}.AppStore|iPhoneSimulator.ActiveCfg = Debug|Any CPU
		{7605CD31-9C51-4A26-BE30-AC54D6EDCE40}.AppStore|iPhoneSimulator.Build.0 = Debug|Any CPU
		{7605CD31-9C51-4A26-BE30-AC54D6EDCE40}.AppStore|iPhoneSimulator.Deploy.0 = Debug|Any CPU
		{7605CD31-9C51-4A26-BE30-AC54D6EDCE40}.Debug|Any CPU.ActiveCfg = Debug|Any CPU
		{7605CD31-9C51-4A26-BE30-AC54D6EDCE40}.Debug|Any CPU.Build.0 = Debug|Any CPU
		{7605CD31-9C51-4A26-BE30-AC54D6EDCE40}.Debug|Any CPU.Deploy.0 = Debug|Any CPU
		{7605CD31-9C51-4A26-BE30-AC54D6EDCE40}.Debug|iPhone.ActiveCfg = Debug|Any CPU
		{7605CD31-9C51-4A26-BE30-AC54D6EDCE40}.Debug|iPhone.Build.0 = Debug|Any CPU
		{7605CD31-9C51-4A26-BE30-AC54D6EDCE40}.Debug|iPhone.Deploy.0 = Debug|Any CPU
		{7605CD31-9C51-4A26-BE30-AC54D6EDCE40}.Debug|iPhoneSimulator.ActiveCfg = Debug|Any CPU
		{7605CD31-9C51-4A26-BE30-AC54D6EDCE40}.Debug|iPhoneSimulator.Build.0 = Debug|Any CPU
		{7605CD31-9C51-4A26-BE30-AC54D6EDCE40}.Debug|iPhoneSimulator.Deploy.0 = Debug|Any CPU
		{7605CD31-9C51-4A26-BE30-AC54D6EDCE40}.Release|Any CPU.ActiveCfg = Release|Any CPU
		{7605CD31-9C51-4A26-BE30-AC54D6EDCE40}.Release|Any CPU.Build.0 = Release|Any CPU
		{7605CD31-9C51-4A26-BE30-AC54D6EDCE40}.Release|Any CPU.Deploy.0 = Release|Any CPU
		{7605CD31-9C51-4A26-BE30-AC54D6EDCE40}.Release|iPhone.ActiveCfg = Release|Any CPU
		{7605CD31-9C51-4A26-BE30-AC54D6EDCE40}.Release|iPhone.Build.0 = Release|Any CPU
		{7605CD31-9C51-4A26-BE30-AC54D6EDCE40}.Release|iPhone.Deploy.0 = Release|Any CPU
		{7605CD31-9C51-4A26-BE30-AC54D6EDCE40}.Release|iPhoneSimulator.ActiveCfg = Release|Any CPU
		{7605CD31-9C51-4A26-BE30-AC54D6EDCE40}.Release|iPhoneSimulator.Build.0 = Release|Any CPU
		{7605CD31-9C51-4A26-BE30-AC54D6EDCE40}.Release|iPhoneSimulator.Deploy.0 = Release|Any CPU
	EndGlobalSection
	GlobalSection(SolutionProperties) = preSolution
		HideSolutionNode = FALSE
	EndGlobalSection
	GlobalSection(ExtensibilityGlobals) = postSolution
		SolutionGuid = {72629039-33C8-4175-854E-54F654916AEB}
	EndGlobalSection
EndGlobal
